
Microsoft Visual Studio Solution File, Format Version 12.00
# Visual Studio Version 17
VisualStudioVersion = 17.11.35312.102
MinimumVisualStudioVersion = 10.0.40219.1
Project("{FAE04EC0-301F-11D3-BF4B-00C04F79EFBC}") = "Test", "Test\Test.csproj", "{2939AD61-5F33-4E45-B9E7-DD068C04EFAB}"
EndProject
Global
	GlobalSection(SolutionConfigurationPlatforms) = preSolution
		Debug|Any CPU = Debug|Any CPU
		Release|Any CPU = Release|Any CPU
	EndGlobalSection
	GlobalSection(ProjectConfigurationPlatforms) = postSolution
		{2939AD61-5F33-4E45-B9E7-DD068C04EFAB}.Debug|Any CPU.ActiveCfg = Debug|Any CPU
		{2939AD61-5F33-4E45-B9E7-DD068C04EFAB}.Debug|Any CPU.Build.0 = Debug|Any CPU
		{2939AD61-5F33-4E45-B9E7-DD068C04EFAB}.Release|Any CPU.ActiveCfg = Release|Any CPU
		{2939AD61-5F33-4E45-B9E7-DD068C04EFAB}.Release|Any CPU.Build.0 = Release|Any CPU
	EndGlobalSection
	GlobalSection(SolutionProperties) = preSolution
		HideSolutionNode = FALSE
	EndGlobalSection
	GlobalSection(ExtensibilityGlobals) = postSolution
		SolutionGuid = {14FAD2A5-8E23-4AA7-8D5B-63378DFF45BE}
	EndGlobalSection
EndGlobal
